
Microsoft Visual Studio Solution File, Format Version 12.00
# Visual Studio Version 17
VisualStudioVersion = 17.8.34511.84
MinimumVisualStudioVersion = 10.0.40219.1
Project("{FAE04EC0-301F-11D3-BF4B-00C04F79EFBC}") = "UnityNexus", "UnityNexus\UnityNexus\UnityNexus.csproj", "{9AC234C1-1DCD-4A9E-9141-CAC01E299AAB}"
EndProject
Project("{FAE04EC0-301F-11D3-BF4B-00C04F79EFBC}") = "UnityNexus.Client", "UnityNexus\UnityNexus.Client\UnityNexus.Client.csproj", "{02AE1DB2-BC32-43EA-86D1-8C3D56BEC0ED}"
EndProject
Project("{FAE04EC0-301F-11D3-BF4B-00C04F79EFBC}") = "UnityNexus.Shared", "UnityNexus.Shared\UnityNexus.Shared.csproj", "{D59A247A-3F77-40CE-9E62-F1BFC5331189}"
EndProject
Project("{FAE04EC0-301F-11D3-BF4B-00C04F79EFBC}") = "UnityNexus.Database", "UnityNexus.Database\UnityNexus.Database.csproj", "{54998AFE-9799-4F2E-BC45-6A07904F42A0}"
EndProject
Global
	GlobalSection(SolutionConfigurationPlatforms) = preSolution
		Debug|Any CPU = Debug|Any CPU
		Release|Any CPU = Release|Any CPU
	EndGlobalSection
	GlobalSection(ProjectConfigurationPlatforms) = postSolution
		{9AC234C1-1DCD-4A9E-9141-CAC01E299AAB}.Debug|Any CPU.ActiveCfg = Debug|Any CPU
		{9AC234C1-1DCD-4A9E-9141-CAC01E299AAB}.Debug|Any CPU.Build.0 = Debug|Any CPU
		{9AC234C1-1DCD-4A9E-9141-CAC01E299AAB}.Release|Any CPU.ActiveCfg = Release|Any CPU
		{9AC234C1-1DCD-4A9E-9141-CAC01E299AAB}.Release|Any CPU.Build.0 = Release|Any CPU
		{02AE1DB2-BC32-43EA-86D1-8C3D56BEC0ED}.Debug|Any CPU.ActiveCfg = Debug|Any CPU
		{02AE1DB2-BC32-43EA-86D1-8C3D56BEC0ED}.Debug|Any CPU.Build.0 = Debug|Any CPU
		{02AE1DB2-BC32-43EA-86D1-8C3D56BEC0ED}.Release|Any CPU.ActiveCfg = Release|Any CPU
		{02AE1DB2-BC32-43EA-86D1-8C3D56BEC0ED}.Release|Any CPU.Build.0 = Release|Any CPU
		{D59A247A-3F77-40CE-9E62-F1BFC5331189}.Debug|Any CPU.ActiveCfg = Debug|Any CPU
		{D59A247A-3F77-40CE-9E62-F1BFC5331189}.Debug|Any CPU.Build.0 = Debug|Any CPU
		{D59A247A-3F77-40CE-9E62-F1BFC5331189}.Release|Any CPU.ActiveCfg = Release|Any CPU
		{D59A247A-3F77-40CE-9E62-F1BFC5331189}.Release|Any CPU.Build.0 = Release|Any CPU
		{54998AFE-9799-4F2E-BC45-6A07904F42A0}.Debug|Any CPU.ActiveCfg = Debug|Any CPU
		{54998AFE-9799-4F2E-BC45-6A07904F42A0}.Debug|Any CPU.Build.0 = Debug|Any CPU
		{54998AFE-9799-4F2E-BC45-6A07904F42A0}.Release|Any CPU.ActiveCfg = Release|Any CPU
		{54998AFE-9799-4F2E-BC45-6A07904F42A0}.Release|Any CPU.Build.0 = Release|Any CPU
	EndGlobalSection
	GlobalSection(SolutionProperties) = preSolution
		HideSolutionNode = FALSE
	EndGlobalSection
	GlobalSection(ExtensibilityGlobals) = postSolution
		SolutionGuid = {F6FDAD55-7C23-4841-BA79-FB094295E571}
	EndGlobalSection
EndGlobal
