
Microsoft Visual Studio Solution File, Format Version 12.00
# Visual Studio Version 17
VisualStudioVersion = 17.8.34511.84
MinimumVisualStudioVersion = 10.0.40219.1
Project("{9A19103F-16F7-4668-BE54-9A1E7A4F7556}") = "UnityNexus.Server", "UnityNexus.Server\UnityNexus.Server.csproj", "{9AC234C1-1DCD-4A9E-9141-CAC01E299AAB}"
EndProject
Project("{9A19103F-16F7-4668-BE54-9A1E7A4F7556}") = "UnityNexus.Client", "UnityNexus.Client\UnityNexus.Client.csproj", "{02AE1DB2-BC32-43EA-86D1-8C3D56BEC0ED}"
EndProject
Project("{9A19103F-16F7-4668-BE54-9A1E7A4F7556}") = "UnityNexus.Shared", "UnityNexus.Shared\UnityNexus.Shared.csproj", "{D59A247A-3F77-40CE-9E62-F1BFC5331189}"
EndProject
Project("{FAE04EC0-301F-11D3-BF4B-00C04F79EFBC}") = "UnityNexus.Server.Shared", "UnityNexus.Server.Shared\UnityNexus.Server.Shared.csproj", "{00FA4197-F949-4338-8FFA-E2EF2607C154}"
EndProject
Project("{FAE04EC0-301F-11D3-BF4B-00C04F79EFBC}") = "UnityNexus.Server.Database", "UnityNexus.Server.Database\UnityNexus.Server.Database.csproj", "{BB6CCB2B-0DD2-4968-8591-8842C17B8565}"
EndProject
Project("{FAE04EC0-301F-11D3-BF4B-00C04F79EFBC}") = "UnityNexus.Server.Queries", "UnityNexus.Server.Queries\UnityNexus.Server.Queries.csproj", "{16DB5B7E-9ED8-4957-97E9-55D3C4B0B75E}"
EndProject
Global
	GlobalSection(SolutionConfigurationPlatforms) = preSolution
		Debug|Any CPU = Debug|Any CPU
		Release|Any CPU = Release|Any CPU
	EndGlobalSection
	GlobalSection(ProjectConfigurationPlatforms) = postSolution
		{9AC234C1-1DCD-4A9E-9141-CAC01E299AAB}.Debug|Any CPU.ActiveCfg = Debug|Any CPU
		{9AC234C1-1DCD-4A9E-9141-CAC01E299AAB}.Debug|Any CPU.Build.0 = Debug|Any CPU
		{9AC234C1-1DCD-4A9E-9141-CAC01E299AAB}.Release|Any CPU.ActiveCfg = Release|Any CPU
		{9AC234C1-1DCD-4A9E-9141-CAC01E299AAB}.Release|Any CPU.Build.0 = Release|Any CPU
		{02AE1DB2-BC32-43EA-86D1-8C3D56BEC0ED}.Debug|Any CPU.ActiveCfg = Debug|Any CPU
		{02AE1DB2-BC32-43EA-86D1-8C3D56BEC0ED}.Debug|Any CPU.Build.0 = Debug|Any CPU
		{02AE1DB2-BC32-43EA-86D1-8C3D56BEC0ED}.Release|Any CPU.ActiveCfg = Release|Any CPU
		{02AE1DB2-BC32-43EA-86D1-8C3D56BEC0ED}.Release|Any CPU.Build.0 = Release|Any CPU
		{D59A247A-3F77-40CE-9E62-F1BFC5331189}.Debug|Any CPU.ActiveCfg = Debug|Any CPU
		{D59A247A-3F77-40CE-9E62-F1BFC5331189}.Debug|Any CPU.Build.0 = Debug|Any CPU
		{D59A247A-3F77-40CE-9E62-F1BFC5331189}.Release|Any CPU.ActiveCfg = Release|Any CPU
		{D59A247A-3F77-40CE-9E62-F1BFC5331189}.Release|Any CPU.Build.0 = Release|Any CPU
		{00FA4197-F949-4338-8FFA-E2EF2607C154}.Debug|Any CPU.ActiveCfg = Debug|Any CPU
		{00FA4197-F949-4338-8FFA-E2EF2607C154}.Debug|Any CPU.Build.0 = Debug|Any CPU
		{00FA4197-F949-4338-8FFA-E2EF2607C154}.Release|Any CPU.ActiveCfg = Release|Any CPU
		{00FA4197-F949-4338-8FFA-E2EF2607C154}.Release|Any CPU.Build.0 = Release|Any CPU
		{BB6CCB2B-0DD2-4968-8591-8842C17B8565}.Debug|Any CPU.ActiveCfg = Debug|Any CPU
		{BB6CCB2B-0DD2-4968-8591-8842C17B8565}.Debug|Any CPU.Build.0 = Debug|Any CPU
		{BB6CCB2B-0DD2-4968-8591-8842C17B8565}.Release|Any CPU.ActiveCfg = Release|Any CPU
		{BB6CCB2B-0DD2-4968-8591-8842C17B8565}.Release|Any CPU.Build.0 = Release|Any CPU
		{16DB5B7E-9ED8-4957-97E9-55D3C4B0B75E}.Debug|Any CPU.ActiveCfg = Debug|Any CPU
		{16DB5B7E-9ED8-4957-97E9-55D3C4B0B75E}.Debug|Any CPU.Build.0 = Debug|Any CPU
		{16DB5B7E-9ED8-4957-97E9-55D3C4B0B75E}.Release|Any CPU.ActiveCfg = Release|Any CPU
		{16DB5B7E-9ED8-4957-97E9-55D3C4B0B75E}.Release|Any CPU.Build.0 = Release|Any CPU
	EndGlobalSection
	GlobalSection(SolutionProperties) = preSolution
		HideSolutionNode = FALSE
	EndGlobalSection
	GlobalSection(ExtensibilityGlobals) = postSolution
		SolutionGuid = {F6FDAD55-7C23-4841-BA79-FB094295E571}
	EndGlobalSection
EndGlobal
